
Microsoft Visual Studio Solution File, Format Version 12.00
# Visual Studio Version 17
VisualStudioVersion = 17.13.35919.96 d17.13
MinimumVisualStudioVersion = 10.0.40219.1
Project("{FAE04EC0-301F-11D3-BF4B-00C04F79EFBC}") = "WebAppTest1", "WebAppTest1.csproj", "{BDC23C5C-DE6E-4956-AC35-C479E347FB46}"
EndProject
Global
	GlobalSection(SolutionConfigurationPlatforms) = preSolution
		Debug|Any CPU = Debug|Any CPU
		Release|Any CPU = Release|Any CPU
	EndGlobalSection
	GlobalSection(ProjectConfigurationPlatforms) = postSolution
		{BDC23C5C-DE6E-4956-AC35-C479E347FB46}.Debug|Any CPU.ActiveCfg = Debug|Any CPU
		{BDC23C5C-DE6E-4956-AC35-C479E347FB46}.Debug|Any CPU.Build.0 = Debug|Any CPU
		{BDC23C5C-DE6E-4956-AC35-C479E347FB46}.Release|Any CPU.ActiveCfg = Release|Any CPU
		{BDC23C5C-DE6E-4956-AC35-C479E347FB46}.Release|Any CPU.Build.0 = Release|Any CPU
	EndGlobalSection
	GlobalSection(SolutionProperties) = preSolution
		HideSolutionNode = FALSE
	EndGlobalSection
	GlobalSection(ExtensibilityGlobals) = postSolution
		SolutionGuid = {F6112B65-A758-4289-9F3A-6F108118153B}
	EndGlobalSection
EndGlobal
